{
  "name": "@heymarco/card",
  "version": "1.0.2",
  "lockfileVersion": 1,
  "requires": true,
  "dependencies": {
    "@heymarco/colors": {
      "version": "1.0.7",
      "resolved": "https://registry.npmjs.org/@heymarco/colors/-/colors-1.0.7.tgz",
      "integrity": "sha512-/SGaA/00TAZzISGukcNvp4c11hpUpbQUJSJSy5tq5Ps4uLzw6vWAk3+kobeGZt7FgX8ZCmsfTOREcS1s0keC5Q==",
      "requires": {
        "bootstrap": "^4.5.3"
      }
    },
    "@heymarco/container": {
      "version": "1.0.10",
      "resolved": "https://registry.npmjs.org/@heymarco/container/-/container-1.0.10.tgz",
      "integrity": "sha512-vHb9X5oyzDzXrKGYGlEVmYltxwG1cBN0t4a9F0Tvl96a3joPkgwEtpAmvxrgSpgLxUCGcS+/rkmP1uIaO0EAag==",
      "requires": {
        "@heymarco/media-breakpoints": "^1.0.4",
        "@heymarco/scss-utils": "^1.0.3"
      }
    },
    "@heymarco/media-breakpoints": {
      "version": "1.0.4",
      "resolved": "https://registry.npmjs.org/@heymarco/media-breakpoints/-/media-breakpoints-1.0.4.tgz",
      "integrity": "sha512-HXA7WFzANAU+iTnZUgSBRmSrPeq3DmJaTt97ruPMN8hIPQkujtUfdyHv7BkempKB7TPevUxMNVYDywTI6FEvUg==",
      "requires": {
        "bootstrap": "^4.5.3"
      }
    },
    "@heymarco/scss-utils": {
      "version": "1.0.3",
      "resolved": "https://registry.npmjs.org/@heymarco/scss-utils/-/scss-utils-1.0.3.tgz",
      "integrity": "sha512-V0h5PJbxRoTNC/wm+2iXagmOI9zoz3pvj/mXyWKhcNk1vH0fjobOpQx8NrTvdUMBsV/DusfckTcYZrvFK0TbQw=="
    },
    "@heymarco/spacer": {
      "version": "1.0.1",
      "resolved": "https://registry.npmjs.org/@heymarco/spacer/-/spacer-1.0.1.tgz",
      "integrity": "sha512-OAsxJeC+uyGqCqvJldZp/jBiRPSAR8ljGhyjMBl61wN7w615EfcLNqnA5ZZU/tyBtAXpPyFM5uIdb5a0HtMC/g=="
    },
    "@heymarco/typography": {
      "version": "1.0.5",
      "resolved": "https://registry.npmjs.org/@heymarco/typography/-/typography-1.0.5.tgz",
      "integrity": "sha512-AGRpqPUmY5cJ9EhMuNMHziekiHFrIH8VTNo3sgmQuZ/8FFxyBtoxA7reNlxhaDdchHvX/YTC9Dv3nfNXgAYw1w==",
      "requires": {
        "@heymarco/colors": "^1.0.7",
        "@heymarco/scss-utils": "^1.0.3",
        "@heymarco/spacer": "^1.0.1"
      }
    },
    "bootstrap": {
      "version": "4.5.3",
      "resolved": "https://registry.npmjs.org/bootstrap/-/bootstrap-4.5.3.tgz",
      "integrity": "sha512-o9ppKQioXGqhw8Z7mah6KdTYpNQY//tipnkxppWhPbiSWdD+1raYsnhwEZjkTHYbGee4cVQ0Rx65EhOY/HNLcQ=="
    }
  }
}
